{
  "name": "wmhubflowcomp",
  "lockfileVersion": 3,
  "requires": true,
  "packages": {
    "": {
      "dependencies": {
        "total4": "latest"
      }
    },
    "node_modules/total4": {
      "version": "0.0.97",
      "resolved": "https://registry.npmjs.org/total4/-/total4-0.0.97.tgz",
      "integrity": "sha512-5xoo0NXrSD7Yf9YqmuwktI4j82NqcDIqZR6xhK0CMRkghOeRXb4mbbweGGE0aaAiYt90jSLB4bWr1NDoI2+o7w==",
      "license": "MIT",
      "bin": {
        "total4": "bin/total4"
      }
    }
  }
}
